
Microsoft Visual Studio Solution File, Format Version 11.00
# Visual Studio 2010
Project("{FAE04EC0-301F-11D3-BF4B-00C04F79EFBC}") = "Minicar", "Assembly-CSharp.csproj", "{0100DA6E-570E-D8CB-DB91-DF8BBCB436EE}"
EndProject
Project("{FAE04EC0-301F-11D3-BF4B-00C04F79EFBC}") = "Minicar", "Assembly-CSharp-firstpass.csproj", "{9A017DE7-9B9D-F223-F141-7A9D698E55DA}"
EndProject
Project("{FAE04EC0-301F-11D3-BF4B-00C04F79EFBC}") = "Minicar", "Assembly-CSharp-Editor-firstpass.csproj", "{550D75CD-62E3-0EA5-4ECF-1028968850F3}"
EndProject
Global
	GlobalSection(SolutionConfigurationPlatforms) = preSolution
		Debug|Any CPU = Debug|Any CPU
		Release|Any CPU = Release|Any CPU
	EndGlobalSection
	GlobalSection(ProjectConfigurationPlatforms) = postSolution
		{0100DA6E-570E-D8CB-DB91-DF8BBCB436EE}.Debug|Any CPU.ActiveCfg = Debug|Any CPU
		{0100DA6E-570E-D8CB-DB91-DF8BBCB436EE}.Debug|Any CPU.Build.0 = Debug|Any CPU
		{0100DA6E-570E-D8CB-DB91-DF8BBCB436EE}.Release|Any CPU.ActiveCfg = Release|Any CPU
		{0100DA6E-570E-D8CB-DB91-DF8BBCB436EE}.Release|Any CPU.Build.0 = Release|Any CPU
		{9A017DE7-9B9D-F223-F141-7A9D698E55DA}.Debug|Any CPU.ActiveCfg = Debug|Any CPU
		{9A017DE7-9B9D-F223-F141-7A9D698E55DA}.Debug|Any CPU.Build.0 = Debug|Any CPU
		{9A017DE7-9B9D-F223-F141-7A9D698E55DA}.Release|Any CPU.ActiveCfg = Release|Any CPU
		{9A017DE7-9B9D-F223-F141-7A9D698E55DA}.Release|Any CPU.Build.0 = Release|Any CPU
		{550D75CD-62E3-0EA5-4ECF-1028968850F3}.Debug|Any CPU.ActiveCfg = Debug|Any CPU
		{550D75CD-62E3-0EA5-4ECF-1028968850F3}.Debug|Any CPU.Build.0 = Debug|Any CPU
		{550D75CD-62E3-0EA5-4ECF-1028968850F3}.Release|Any CPU.ActiveCfg = Release|Any CPU
		{550D75CD-62E3-0EA5-4ECF-1028968850F3}.Release|Any CPU.Build.0 = Release|Any CPU
	EndGlobalSection
	GlobalSection(SolutionProperties) = preSolution
		HideSolutionNode = FALSE
	EndGlobalSection
	GlobalSection(MonoDevelopProperties) = preSolution
		StartupItem = Assembly-CSharp.csproj
	EndGlobalSection
EndGlobal
